{
  "name": "scuttlebutt-akka-persistence-index",
  "version": "1.0.0",
  "lockfileVersion": 1,
  "requires": true,
  "dependencies": {
    "async-single": {
      "version": "1.0.5",
      "resolved": "https://registry.npmjs.org/async-single/-/async-single-1.0.5.tgz",
      "integrity": "sha1-El3QneldPqMKN4rb7QIQkhebA8k="
    },
    "atomic-file": {
      "version": "2.0.0",
      "resolved": "https://registry.npmjs.org/atomic-file/-/atomic-file-2.0.0.tgz",
      "integrity": "sha512-8acsmdYLYCzawXHRV+ryvRppE6dkkPrSywy6wiCzjp2T0wX4rzxw1tJbPgUgZPdi3OQ3AMvvZ3Anrnq6bERvLg==",
      "requires": {
        "flumecodec": "0.0.1",
        "idb-kv-store": "4.4.0"
      },
      "dependencies": {
        "flumecodec": {
          "version": "0.0.1",
          "resolved": "https://registry.npmjs.org/flumecodec/-/flumecodec-0.0.1.tgz",
          "integrity": "sha1-rgSacUOGu4PjQmV6gpJLcDZKkNY=",
          "requires": {
            "level-codec": "6.2.0"
          }
        }
      }
    },
    "deep-equal": {
      "version": "1.0.1",
      "resolved": "https://registry.npmjs.org/deep-equal/-/deep-equal-1.0.1.tgz",
      "integrity": "sha1-9dJgKStmDghO/0zbyfCK0yR0SLU="
    },
    "flumecodec": {
      "version": "0.0.0",
      "resolved": "https://registry.npmjs.org/flumecodec/-/flumecodec-0.0.0.tgz",
      "integrity": "sha1-Ns4Gq+Lg4BxE3WnyoWUwWiMgZJs=",
      "requires": {
        "level-codec": "6.2.0"
      }
    },
    "flumeview-reduce": {
      "version": "1.3.16",
      "resolved": "https://registry.npmjs.org/flumeview-reduce/-/flumeview-reduce-1.3.16.tgz",
      "integrity": "sha512-4ATidV3QARML74eNdi+HPzGa4JtSZfnQpW6QQArlKZ6NRkjax3EFLt42hK2VJyADxnVnsVInt/ItqJL/4G1/5g==",
      "requires": {
        "async-single": "1.0.5",
        "atomic-file": "2.0.0",
        "deep-equal": "1.0.1",
        "flumecodec": "0.0.0",
        "obv": "0.0.1",
        "pull-notify": "0.1.1",
        "pull-stream": "3.6.9"
      }
    },
    "idb-kv-store": {
      "version": "4.4.0",
      "resolved": "https://registry.npmjs.org/idb-kv-store/-/idb-kv-store-4.4.0.tgz",
      "integrity": "sha1-IsVqjV+QvYj4GKhZ25xYYn3ieL4=",
      "requires": {
        "inherits": "2.0.3",
        "promisize": "1.1.2"
      }
    },
    "inherits": {
      "version": "2.0.3",
      "resolved": "https://registry.npmjs.org/inherits/-/inherits-2.0.3.tgz",
      "integrity": "sha1-Yzwsg+PaQqUC9SRmAiSA9CCCYd4="
    },
    "level-codec": {
      "version": "6.2.0",
      "resolved": "https://registry.npmjs.org/level-codec/-/level-codec-6.2.0.tgz",
      "integrity": "sha1-pLUkS7akwvcj1oodZOmAxTYn2dQ="
    },
    "obv": {
      "version": "0.0.1",
      "resolved": "https://registry.npmjs.org/obv/-/obv-0.0.1.tgz",
      "integrity": "sha1-yyNhBjQVNvDaxIFeBnCCIcrX+14="
    },
    "promisize": {
      "version": "1.1.2",
      "resolved": "https://registry.npmjs.org/promisize/-/promisize-1.1.2.tgz",
      "integrity": "sha1-m0fiyyrkl+seutwsQZHWTRXJSdE="
    },
    "pull-notify": {
      "version": "0.1.1",
      "resolved": "https://registry.npmjs.org/pull-notify/-/pull-notify-0.1.1.tgz",
      "integrity": "sha1-b4b/ldJwuJw+vyVbYDG3Ay3JnMo=",
      "requires": {
        "pull-pushable": "2.2.0"
      }
    },
    "pull-pushable": {
      "version": "2.2.0",
      "resolved": "https://registry.npmjs.org/pull-pushable/-/pull-pushable-2.2.0.tgz",
      "integrity": "sha1-Xy867UethpGfAbEqLpnW8b13ZYE="
    },
    "pull-stream": {
      "version": "3.6.9",
      "resolved": "https://registry.npmjs.org/pull-stream/-/pull-stream-3.6.9.tgz",
      "integrity": "sha512-hJn4POeBrkttshdNl0AoSCVjMVSuBwuHocMerUdoZ2+oIUzrWHFTwJMlbHND7OiKLVgvz6TFj8ZUVywUMXccbw=="
    }
  }
}
